// !$*UTF8*$!
{
	archiveVersion = 1;
	classes = {
	};
	objectVersion = 52;
	objects = {

/* Begin PBXBuildFile section */
		8E7FFF7E25DA2476002982B4 /* CKCareKitRemoteSyncWithFirestore.swift in Sources */ = {isa = PBXBuildFile; fileRef = 8E7FFF7D25DA2476002982B4 /* CKCareKitRemoteSyncWithFirestore.swift */; };
		8E7FFF8225DA24AA002982B4 /* CKCareKitManager.swift in Sources */ = {isa = PBXBuildFile; fileRef = 8E7FFF8125DA24AA002982B4 /* CKCareKitManager.swift */; };
		8E7FFF8625DA24D0002982B4 /* CKCareKitManager+Sample.swift in Sources */ = {isa = PBXBuildFile; fileRef = 8E7FFF8525DA24D0002982B4 /* CKCareKitManager+Sample.swift */; };
		8E7FFF8925DA267E002982B4 /* CKStudyUser.swift in Sources */ = {isa = PBXBuildFile; fileRef = 8E7FFF8825DA267E002982B4 /* CKStudyUser.swift */; };
		8E7FFF8D25DA26D7002982B4 /* CKSendHelper.swift in Sources */ = {isa = PBXBuildFile; fileRef = 8E7FFF8C25DA26D7002982B4 /* CKSendHelper.swift */; };
		8E7FFF9725DA4638002982B4 /* ScheduleViewController.swift in Sources */ = {isa = PBXBuildFile; fileRef = 8E7FFF9225DA4635002982B4 /* ScheduleViewController.swift */; };
		8E7FFF9825DA4638002982B4 /* ScheduleViewControllerRepresentable.swift in Sources */ = {isa = PBXBuildFile; fileRef = 8E7FFF9325DA4636002982B4 /* ScheduleViewControllerRepresentable.swift */; };
		8E7FFF9925DA4638002982B4 /* TipView.swift in Sources */ = {isa = PBXBuildFile; fileRef = 8E7FFF9525DA4638002982B4 /* TipView.swift */; };
		8E7FFF9A25DA4638002982B4 /* SurveyItemViewController.swift in Sources */ = {isa = PBXBuildFile; fileRef = 8E7FFF9625DA4638002982B4 /* SurveyItemViewController.swift */; };
		8E7FFF9D25DA4656002982B4 /* CareTeamViewControllerRepresentable.swift in Sources */ = {isa = PBXBuildFile; fileRef = 8E7FFF9C25DA4656002982B4 /* CareTeamViewControllerRepresentable.swift */; };
		8E7FFFA625DA4D95002982B4 /* CKTaskViewController.swift in Sources */ = {isa = PBXBuildFile; fileRef = 8E7FFFA525DA4D95002982B4 /* CKTaskViewController.swift */; };
		8E7FFFAC25DA4E05002982B4 /* ORKESerialization.m in Sources */ = {isa = PBXBuildFile; fileRef = 8E7FFFAA25DA4E05002982B4 /* ORKESerialization.m */; };
		8E7FFFAF25DA56E2002982B4 /* CKUploadToGCPTaskViewControllerDelegate.swift in Sources */ = {isa = PBXBuildFile; fileRef = 8E7FFFAE25DA56E2002982B4 /* CKUploadToGCPTaskViewControllerDelegate.swift */; };
		8EE530BD25D8E31100E92C82 /* CareKit_SampleApp.swift in Sources */ = {isa = PBXBuildFile; fileRef = 8EE530BC25D8E31100E92C82 /* CareKit_SampleApp.swift */; };
		8EE530BF25D8E31100E92C82 /* ContentView.swift in Sources */ = {isa = PBXBuildFile; fileRef = 8EE530BE25D8E31100E92C82 /* ContentView.swift */; };
		8EE530C125D8E31200E92C82 /* Assets.xcassets in Resources */ = {isa = PBXBuildFile; fileRef = 8EE530C025D8E31200E92C82 /* Assets.xcassets */; };
		8EE530C425D8E31200E92C82 /* Preview Assets.xcassets in Resources */ = {isa = PBXBuildFile; fileRef = 8EE530C325D8E31200E92C82 /* Preview Assets.xcassets */; };
		8EE530CE25D8E41200E92C82 /* CareKitStore in Frameworks */ = {isa = PBXBuildFile; productRef = 8EE530CD25D8E41200E92C82 /* CareKitStore */; };
		8EE530D025D8E41200E92C82 /* CareKit in Frameworks */ = {isa = PBXBuildFile; productRef = 8EE530CF25D8E41200E92C82 /* CareKit */; };
		8EE530D225D8E41200E92C82 /* CareKitFHIR in Frameworks */ = {isa = PBXBuildFile; productRef = 8EE530D125D8E41200E92C82 /* CareKitFHIR */; };
		8EE530D425D8E41200E92C82 /* CareKitUI in Frameworks */ = {isa = PBXBuildFile; productRef = 8EE530D325D8E41200E92C82 /* CareKitUI */; };
		CE0B6EC051BEC21932F879CA /* Pods_CareKit_Sample.framework in Frameworks */ = {isa = PBXBuildFile; fileRef = 802A4A5BA15F6E096A993083 /* Pods_CareKit_Sample.framework */; };
		F659CF2C25E4A2CB0063E480 /* acne_classification.mlmodel in Sources */ = {isa = PBXBuildFile; fileRef = F659CF2B25E4A2CB0063E480 /* acne_classification.mlmodel */; };
		F65E663725E399430009CBB4 /* Launch Screen.storyboard in Resources */ = {isa = PBXBuildFile; fileRef = F65E663625E399430009CBB4 /* Launch Screen.storyboard */; };
		F65E663A25E39B910009CBB4 /* LaunchUIView.swift in Sources */ = {isa = PBXBuildFile; fileRef = F65E663925E39B910009CBB4 /* LaunchUIView.swift */; };
		F65E663D25E39C2F0009CBB4 /* OnboardingUIView.swift in Sources */ = {isa = PBXBuildFile; fileRef = F65E663C25E39C2F0009CBB4 /* OnboardingUIView.swift */; };
		F65E664425E39CD30009CBB4 /* OnboardingSurveyViewController.swift in Sources */ = {isa = PBXBuildFile; fileRef = F65E664325E39CD30009CBB4 /* OnboardingSurveyViewController.swift */; };
		F65E664825E39EC60009CBB4 /* Config.swift in Sources */ = {isa = PBXBuildFile; fileRef = F65E664725E39EC60009CBB4 /* Config.swift */; };
		F65E664B25E39F670009CBB4 /* Config.plist in Resources */ = {isa = PBXBuildFile; fileRef = F65E664A25E39F670009CBB4 /* Config.plist */; };
		F65E664E25E39FF20009CBB4 /* Constants.swift in Sources */ = {isa = PBXBuildFile; fileRef = F65E664D25E39FF20009CBB4 /* Constants.swift */; };
		F65E665325E3A1330009CBB4 /* Metrics.swift in Sources */ = {isa = PBXBuildFile; fileRef = F65E665225E3A1330009CBB4 /* Metrics.swift */; };
		F65E665725E3A3530009CBB4 /* PasswordlessLoginStep.swift in Sources */ = {isa = PBXBuildFile; fileRef = F65E665625E3A3530009CBB4 /* PasswordlessLoginStep.swift */; };
		F65E665E25E3A82A0009CBB4 /* OnboardingViewCoordinator.swift in Sources */ = {isa = PBXBuildFile; fileRef = F65E665D25E3A82A0009CBB4 /* OnboardingViewCoordinator.swift */; };
		F65E669D25E3B39A0009CBB4 /* PageViewController.swift in Sources */ = {isa = PBXBuildFile; fileRef = F65E669C25E3B39A0009CBB4 /* PageViewController.swift */; };
		F67EF41125EC82BB00E7713E /* GoogleService-Info.plist in Resources */ = {isa = PBXBuildFile; fileRef = F67EF41025EC82BB00E7713E /* GoogleService-Info.plist */; };
		F6836BFE25EDBA2800E329B6 /* SkinAIViewController.swift in Sources */ = {isa = PBXBuildFile; fileRef = F6836BFD25EDBA2800E329B6 /* SkinAIViewController.swift */; };
		F6836C0125EDC35E00E329B6 /* AcneScoreUIView.swift in Sources */ = {isa = PBXBuildFile; fileRef = F6836C0025EDC35E00E329B6 /* AcneScoreUIView.swift */; };
/* End PBXBuildFile section */

/* Begin PBXFileReference section */
		78353591FD67768226A50BB0 /* Pods-CareKit Sample.debug.xcconfig */ = {isa = PBXFileReference; includeInIndex = 1; lastKnownFileType = text.xcconfig; name = "Pods-CareKit Sample.debug.xcconfig"; path = "Target Support Files/Pods-CareKit Sample/Pods-CareKit Sample.debug.xcconfig"; sourceTree = "<group>"; };
		802A4A5BA15F6E096A993083 /* Pods_CareKit_Sample.framework */ = {isa = PBXFileReference; explicitFileType = wrapper.framework; includeInIndex = 0; path = Pods_CareKit_Sample.framework; sourceTree = BUILT_PRODUCTS_DIR; };
		8E7FFF7D25DA2476002982B4 /* CKCareKitRemoteSyncWithFirestore.swift */ = {isa = PBXFileReference; lastKnownFileType = sourcecode.swift; path = CKCareKitRemoteSyncWithFirestore.swift; sourceTree = "<group>"; };
		8E7FFF8125DA24AA002982B4 /* CKCareKitManager.swift */ = {isa = PBXFileReference; lastKnownFileType = sourcecode.swift; path = CKCareKitManager.swift; sourceTree = "<group>"; };
		8E7FFF8525DA24D0002982B4 /* CKCareKitManager+Sample.swift */ = {isa = PBXFileReference; lastKnownFileType = sourcecode.swift; path = "CKCareKitManager+Sample.swift"; sourceTree = "<group>"; };
		8E7FFF8825DA267E002982B4 /* CKStudyUser.swift */ = {isa = PBXFileReference; lastKnownFileType = sourcecode.swift; path = CKStudyUser.swift; sourceTree = "<group>"; };
		8E7FFF8C25DA26D7002982B4 /* CKSendHelper.swift */ = {isa = PBXFileReference; lastKnownFileType = sourcecode.swift; path = CKSendHelper.swift; sourceTree = "<group>"; };
		8E7FFF9225DA4635002982B4 /* ScheduleViewController.swift */ = {isa = PBXFileReference; fileEncoding = 4; lastKnownFileType = sourcecode.swift; path = ScheduleViewController.swift; sourceTree = "<group>"; };
		8E7FFF9325DA4636002982B4 /* ScheduleViewControllerRepresentable.swift */ = {isa = PBXFileReference; fileEncoding = 4; lastKnownFileType = sourcecode.swift; path = ScheduleViewControllerRepresentable.swift; sourceTree = "<group>"; };
		8E7FFF9525DA4638002982B4 /* TipView.swift */ = {isa = PBXFileReference; fileEncoding = 4; lastKnownFileType = sourcecode.swift; path = TipView.swift; sourceTree = "<group>"; };
		8E7FFF9625DA4638002982B4 /* SurveyItemViewController.swift */ = {isa = PBXFileReference; fileEncoding = 4; lastKnownFileType = sourcecode.swift; path = SurveyItemViewController.swift; sourceTree = "<group>"; };
		8E7FFF9C25DA4656002982B4 /* CareTeamViewControllerRepresentable.swift */ = {isa = PBXFileReference; fileEncoding = 4; lastKnownFileType = sourcecode.swift; path = CareTeamViewControllerRepresentable.swift; sourceTree = "<group>"; };
		8E7FFFA525DA4D95002982B4 /* CKTaskViewController.swift */ = {isa = PBXFileReference; lastKnownFileType = sourcecode.swift; path = CKTaskViewController.swift; sourceTree = "<group>"; };
		8E7FFFA925DA4E03002982B4 /* CareKit Sample-Bridging-Header.h */ = {isa = PBXFileReference; lastKnownFileType = sourcecode.c.h; path = "CareKit Sample-Bridging-Header.h"; sourceTree = "<group>"; };
		8E7FFFAA25DA4E05002982B4 /* ORKESerialization.m */ = {isa = PBXFileReference; fileEncoding = 4; lastKnownFileType = sourcecode.c.objc; path = ORKESerialization.m; sourceTree = "<group>"; };
		8E7FFFAB25DA4E05002982B4 /* ORKESerialization.h */ = {isa = PBXFileReference; fileEncoding = 4; lastKnownFileType = sourcecode.c.h; path = ORKESerialization.h; sourceTree = "<group>"; };
		8E7FFFAE25DA56E2002982B4 /* CKUploadToGCPTaskViewControllerDelegate.swift */ = {isa = PBXFileReference; lastKnownFileType = sourcecode.swift; path = CKUploadToGCPTaskViewControllerDelegate.swift; sourceTree = "<group>"; };
		8EE530B925D8E31100E92C82 /* CareKit Sample.app */ = {isa = PBXFileReference; explicitFileType = wrapper.application; includeInIndex = 0; path = "CareKit Sample.app"; sourceTree = BUILT_PRODUCTS_DIR; };
		8EE530BC25D8E31100E92C82 /* CareKit_SampleApp.swift */ = {isa = PBXFileReference; lastKnownFileType = sourcecode.swift; path = CareKit_SampleApp.swift; sourceTree = "<group>"; };
		8EE530BE25D8E31100E92C82 /* ContentView.swift */ = {isa = PBXFileReference; lastKnownFileType = sourcecode.swift; path = ContentView.swift; sourceTree = "<group>"; };
		8EE530C025D8E31200E92C82 /* Assets.xcassets */ = {isa = PBXFileReference; lastKnownFileType = folder.assetcatalog; path = Assets.xcassets; sourceTree = "<group>"; };
		8EE530C325D8E31200E92C82 /* Preview Assets.xcassets */ = {isa = PBXFileReference; lastKnownFileType = folder.assetcatalog; path = "Preview Assets.xcassets"; sourceTree = "<group>"; };
		8EE530C525D8E31200E92C82 /* Info.plist */ = {isa = PBXFileReference; lastKnownFileType = text.plist.xml; path = Info.plist; sourceTree = "<group>"; };
		C080DF17E15BF8B76B35F00B /* Pods-CareKit Sample.release.xcconfig */ = {isa = PBXFileReference; includeInIndex = 1; lastKnownFileType = text.xcconfig; name = "Pods-CareKit Sample.release.xcconfig"; path = "Target Support Files/Pods-CareKit Sample/Pods-CareKit Sample.release.xcconfig"; sourceTree = "<group>"; };
		F659CF2B25E4A2CB0063E480 /* acne_classification.mlmodel */ = {isa = PBXFileReference; lastKnownFileType = file.mlmodel; name = acne_classification.mlmodel; path = ../../../acne_classification.mlmodel; sourceTree = "<group>"; };
		F65E663625E399430009CBB4 /* Launch Screen.storyboard */ = {isa = PBXFileReference; lastKnownFileType = file.storyboard; path = "Launch Screen.storyboard"; sourceTree = "<group>"; };
		F65E663925E39B910009CBB4 /* LaunchUIView.swift */ = {isa = PBXFileReference; lastKnownFileType = sourcecode.swift; path = LaunchUIView.swift; sourceTree = "<group>"; };
		F65E663C25E39C2F0009CBB4 /* OnboardingUIView.swift */ = {isa = PBXFileReference; lastKnownFileType = sourcecode.swift; path = OnboardingUIView.swift; sourceTree = "<group>"; };
		F65E664325E39CD30009CBB4 /* OnboardingSurveyViewController.swift */ = {isa = PBXFileReference; lastKnownFileType = sourcecode.swift; path = OnboardingSurveyViewController.swift; sourceTree = "<group>"; };
		F65E664725E39EC60009CBB4 /* Config.swift */ = {isa = PBXFileReference; lastKnownFileType = sourcecode.swift; path = Config.swift; sourceTree = "<group>"; };
		F65E664A25E39F670009CBB4 /* Config.plist */ = {isa = PBXFileReference; lastKnownFileType = text.plist.xml; path = Config.plist; sourceTree = "<group>"; };
		F65E664D25E39FF20009CBB4 /* Constants.swift */ = {isa = PBXFileReference; lastKnownFileType = sourcecode.swift; path = Constants.swift; sourceTree = "<group>"; };
		F65E665225E3A1330009CBB4 /* Metrics.swift */ = {isa = PBXFileReference; lastKnownFileType = sourcecode.swift; path = Metrics.swift; sourceTree = "<group>"; };
		F65E665625E3A3530009CBB4 /* PasswordlessLoginStep.swift */ = {isa = PBXFileReference; lastKnownFileType = sourcecode.swift; path = PasswordlessLoginStep.swift; sourceTree = "<group>"; };
		F65E665D25E3A82A0009CBB4 /* OnboardingViewCoordinator.swift */ = {isa = PBXFileReference; lastKnownFileType = sourcecode.swift; path = OnboardingViewCoordinator.swift; sourceTree = "<group>"; };
		F65E669C25E3B39A0009CBB4 /* PageViewController.swift */ = {isa = PBXFileReference; lastKnownFileType = sourcecode.swift; path = PageViewController.swift; sourceTree = "<group>"; };
		F67EF41025EC82BB00E7713E /* GoogleService-Info.plist */ = {isa = PBXFileReference; fileEncoding = 4; lastKnownFileType = text.plist.xml; name = "GoogleService-Info.plist"; path = "../../../../Downloads/GoogleService-Info.plist"; sourceTree = "<group>"; };
		F6836BFD25EDBA2800E329B6 /* SkinAIViewController.swift */ = {isa = PBXFileReference; lastKnownFileType = sourcecode.swift; path = SkinAIViewController.swift; sourceTree = "<group>"; };
		F6836C0025EDC35E00E329B6 /* AcneScoreUIView.swift */ = {isa = PBXFileReference; lastKnownFileType = sourcecode.swift; path = AcneScoreUIView.swift; sourceTree = "<group>"; };
/* End PBXFileReference section */

/* Begin PBXFrameworksBuildPhase section */
		8EE530B625D8E31100E92C82 /* Frameworks */ = {
			isa = PBXFrameworksBuildPhase;
			buildActionMask = 2147483647;
			files = (
				8EE530D025D8E41200E92C82 /* CareKit in Frameworks */,
				8EE530D225D8E41200E92C82 /* CareKitFHIR in Frameworks */,
				8EE530D425D8E41200E92C82 /* CareKitUI in Frameworks */,
				8EE530CE25D8E41200E92C82 /* CareKitStore in Frameworks */,
				CE0B6EC051BEC21932F879CA /* Pods_CareKit_Sample.framework in Frameworks */,
			);
			runOnlyForDeploymentPostprocessing = 0;
		};
/* End PBXFrameworksBuildPhase section */

/* Begin PBXGroup section */
		8E7FFF7C25DA246C002982B4 /* CareKit */ = {
			isa = PBXGroup;
			children = (
				8E7FFF7D25DA2476002982B4 /* CKCareKitRemoteSyncWithFirestore.swift */,
			);
			path = CareKit;
			sourceTree = "<group>";
		};
		8E7FFF9025DA4621002982B4 /* Schedule */ = {
			isa = PBXGroup;
			children = (
				8E7FFF9425DA4638002982B4 /* Views */,
				8E7FFF9225DA4635002982B4 /* ScheduleViewController.swift */,
				8E7FFF9325DA4636002982B4 /* ScheduleViewControllerRepresentable.swift */,
			);
			path = Schedule;
			sourceTree = "<group>";
		};
		8E7FFF9125DA4626002982B4 /* Care Team */ = {
			isa = PBXGroup;
			children = (
				8E7FFF9C25DA4656002982B4 /* CareTeamViewControllerRepresentable.swift */,
			);
			path = "Care Team";
			sourceTree = "<group>";
		};
		8E7FFF9425DA4638002982B4 /* Views */ = {
			isa = PBXGroup;
			children = (
				8E7FFF9525DA4638002982B4 /* TipView.swift */,
				8E7FFF9625DA4638002982B4 /* SurveyItemViewController.swift */,
				F6836BFD25EDBA2800E329B6 /* SkinAIViewController.swift */,
				F6836C0025EDC35E00E329B6 /* AcneScoreUIView.swift */,
			);
			path = Views;
			sourceTree = "<group>";
		};
		8E7FFFA825DA4DE3002982B4 /* ResearchKit */ = {
			isa = PBXGroup;
			children = (
				8E7FFFAB25DA4E05002982B4 /* ORKESerialization.h */,
				8E7FFFAA25DA4E05002982B4 /* ORKESerialization.m */,
				8E7FFFA925DA4E03002982B4 /* CareKit Sample-Bridging-Header.h */,
			);
			path = ResearchKit;
			sourceTree = "<group>";
		};
		8E7FFFB525DCEAFE002982B4 /* Tabs */ = {
			isa = PBXGroup;
			children = (
				F65E662025E3958D0009CBB4 /* Onboarding */,
				8E7FFF9025DA4621002982B4 /* Schedule */,
				8E7FFF9125DA4626002982B4 /* Care Team */,
				8EE530BE25D8E31100E92C82 /* ContentView.swift */,
				F65E663925E39B910009CBB4 /* LaunchUIView.swift */,
				F65E664725E39EC60009CBB4 /* Config.swift */,
				F65E665225E3A1330009CBB4 /* Metrics.swift */,
			);
			path = Tabs;
			sourceTree = "<group>";
		};
		8EE530B025D8E31100E92C82 = {
			isa = PBXGroup;
			children = (
				8EE530BB25D8E31100E92C82 /* CareKit Sample */,
				8EE530BA25D8E31100E92C82 /* Products */,
				E11BB4F6FC59F3A7669B1072 /* Pods */,
				D0BC8C690D0221665748075B /* Frameworks */,
			);
			sourceTree = "<group>";
		};
		8EE530BA25D8E31100E92C82 /* Products */ = {
			isa = PBXGroup;
			children = (
				8EE530B925D8E31100E92C82 /* CareKit Sample.app */,
			);
			name = Products;
			sourceTree = "<group>";
		};
		8EE530BB25D8E31100E92C82 /* CareKit Sample */ = {
			isa = PBXGroup;
			children = (
				8EE530D625D8E42900E92C82 /* Supporting Files */,
				8E7FFFB525DCEAFE002982B4 /* Tabs */,
				8EE530BC25D8E31100E92C82 /* CareKit_SampleApp.swift */,
				8E7FFF8125DA24AA002982B4 /* CKCareKitManager.swift */,
				8E7FFF8525DA24D0002982B4 /* CKCareKitManager+Sample.swift */,
			);
			path = "CareKit Sample";
			sourceTree = "<group>";
		};
		8EE530C225D8E31200E92C82 /* Preview Content */ = {
			isa = PBXGroup;
			children = (
				8EE530C325D8E31200E92C82 /* Preview Assets.xcassets */,
			);
			path = "Preview Content";
			sourceTree = "<group>";
		};
		8EE530D625D8E42900E92C82 /* Supporting Files */ = {
			isa = PBXGroup;
			children = (
				8EE530C225D8E31200E92C82 /* Preview Content */,
				8E7FFFA825DA4DE3002982B4 /* ResearchKit */,
				8E7FFF7C25DA246C002982B4 /* CareKit */,
				8EE530EC25DA154900E92C82 /* Firebase */,
				8EE530C025D8E31200E92C82 /* Assets.xcassets */,
				F659CF2B25E4A2CB0063E480 /* acne_classification.mlmodel */,
				F65E663625E399430009CBB4 /* Launch Screen.storyboard */,
				F67EF41025EC82BB00E7713E /* GoogleService-Info.plist */,
				8EE530C525D8E31200E92C82 /* Info.plist */,
				F65E664A25E39F670009CBB4 /* Config.plist */,
				F65E664D25E39FF20009CBB4 /* Constants.swift */,
			);
			path = "Supporting Files";
			sourceTree = "<group>";
		};
		8EE530EC25DA154900E92C82 /* Firebase */ = {
			isa = PBXGroup;
			children = (
				8E7FFF8825DA267E002982B4 /* CKStudyUser.swift */,
				8E7FFF8C25DA26D7002982B4 /* CKSendHelper.swift */,
				8E7FFFA525DA4D95002982B4 /* CKTaskViewController.swift */,
				8E7FFFAE25DA56E2002982B4 /* CKUploadToGCPTaskViewControllerDelegate.swift */,
			);
			path = Firebase;
			sourceTree = "<group>";
		};
		D0BC8C690D0221665748075B /* Frameworks */ = {
			isa = PBXGroup;
			children = (
				802A4A5BA15F6E096A993083 /* Pods_CareKit_Sample.framework */,
			);
			name = Frameworks;
			sourceTree = "<group>";
		};
		E11BB4F6FC59F3A7669B1072 /* Pods */ = {
			isa = PBXGroup;
			children = (
				78353591FD67768226A50BB0 /* Pods-CareKit Sample.debug.xcconfig */,
				C080DF17E15BF8B76B35F00B /* Pods-CareKit Sample.release.xcconfig */,
			);
			path = Pods;
			sourceTree = "<group>";
		};
		F65E662025E3958D0009CBB4 /* Onboarding */ = {
			isa = PBXGroup;
			children = (
				F65E663C25E39C2F0009CBB4 /* OnboardingUIView.swift */,
				F65E664325E39CD30009CBB4 /* OnboardingSurveyViewController.swift */,
				F65E665625E3A3530009CBB4 /* PasswordlessLoginStep.swift */,
				F65E665D25E3A82A0009CBB4 /* OnboardingViewCoordinator.swift */,
				F65E669C25E3B39A0009CBB4 /* PageViewController.swift */,
			);
			path = Onboarding;
			sourceTree = "<group>";
		};
/* End PBXGroup section */

/* Begin PBXNativeTarget section */
		8EE530B825D8E31100E92C82 /* CareKit Sample */ = {
			isa = PBXNativeTarget;
			buildConfigurationList = 8EE530C825D8E31200E92C82 /* Build configuration list for PBXNativeTarget "CareKit Sample" */;
			buildPhases = (
				5CEC8F828FCA09969F7E6D85 /* [CP] Check Pods Manifest.lock */,
				8EE530B525D8E31100E92C82 /* Sources */,
				8EE530B625D8E31100E92C82 /* Frameworks */,
				8EE530B725D8E31100E92C82 /* Resources */,
				BD7F93125045B231AD9B7BD7 /* [CP] Embed Pods Frameworks */,
			);
			buildRules = (
			);
			dependencies = (
			);
			name = "CareKit Sample";
			packageProductDependencies = (
				8EE530CD25D8E41200E92C82 /* CareKitStore */,
				8EE530CF25D8E41200E92C82 /* CareKit */,
				8EE530D125D8E41200E92C82 /* CareKitFHIR */,
				8EE530D325D8E41200E92C82 /* CareKitUI */,
			);
			productName = "CareKit Sample";
			productReference = 8EE530B925D8E31100E92C82 /* CareKit Sample.app */;
			productType = "com.apple.product-type.application";
		};
/* End PBXNativeTarget section */

/* Begin PBXProject section */
		8EE530B125D8E31100E92C82 /* Project object */ = {
			isa = PBXProject;
			attributes = {
				LastSwiftUpdateCheck = 1240;
				LastUpgradeCheck = 1240;
				TargetAttributes = {
					8EE530B825D8E31100E92C82 = {
						CreatedOnToolsVersion = 12.4;
						LastSwiftMigration = 1240;
					};
				};
			};
			buildConfigurationList = 8EE530B425D8E31100E92C82 /* Build configuration list for PBXProject "CareKit Sample" */;
			compatibilityVersion = "Xcode 9.3";
			developmentRegion = en;
			hasScannedForEncodings = 0;
			knownRegions = (
				en,
				Base,
			);
			mainGroup = 8EE530B025D8E31100E92C82;
			packageReferences = (
				8EE530CC25D8E41200E92C82 /* XCRemoteSwiftPackageReference "CareKit" */,
			);
			productRefGroup = 8EE530BA25D8E31100E92C82 /* Products */;
			projectDirPath = "";
			projectRoot = "";
			targets = (
				8EE530B825D8E31100E92C82 /* CareKit Sample */,
			);
		};
/* End PBXProject section */

/* Begin PBXResourcesBuildPhase section */
		8EE530B725D8E31100E92C82 /* Resources */ = {
			isa = PBXResourcesBuildPhase;
			buildActionMask = 2147483647;
			files = (
				8EE530C425D8E31200E92C82 /* Preview Assets.xcassets in Resources */,
				F65E663725E399430009CBB4 /* Launch Screen.storyboard in Resources */,
				F67EF41125EC82BB00E7713E /* GoogleService-Info.plist in Resources */,
				F65E664B25E39F670009CBB4 /* Config.plist in Resources */,
				8EE530C125D8E31200E92C82 /* Assets.xcassets in Resources */,
			);
			runOnlyForDeploymentPostprocessing = 0;
		};
/* End PBXResourcesBuildPhase section */

/* Begin PBXShellScriptBuildPhase section */
		5CEC8F828FCA09969F7E6D85 /* [CP] Check Pods Manifest.lock */ = {
			isa = PBXShellScriptBuildPhase;
			buildActionMask = 2147483647;
			files = (
			);
			inputFileListPaths = (
			);
			inputPaths = (
				"${PODS_PODFILE_DIR_PATH}/Podfile.lock",
				"${PODS_ROOT}/Manifest.lock",
			);
			name = "[CP] Check Pods Manifest.lock";
			outputFileListPaths = (
			);
			outputPaths = (
				"$(DERIVED_FILE_DIR)/Pods-CareKit Sample-checkManifestLockResult.txt",
			);
			runOnlyForDeploymentPostprocessing = 0;
			shellPath = /bin/sh;
			shellScript = "diff \"${PODS_PODFILE_DIR_PATH}/Podfile.lock\" \"${PODS_ROOT}/Manifest.lock\" > /dev/null\nif [ $? != 0 ] ; then\n    # print error to STDERR\n    echo \"error: The sandbox is not in sync with the Podfile.lock. Run 'pod install' or update your CocoaPods installation.\" >&2\n    exit 1\nfi\n# This output is used by Xcode 'outputs' to avoid re-running this script phase.\necho \"SUCCESS\" > \"${SCRIPT_OUTPUT_FILE_0}\"\n";
			showEnvVarsInLog = 0;
		};
		BD7F93125045B231AD9B7BD7 /* [CP] Embed Pods Frameworks */ = {
			isa = PBXShellScriptBuildPhase;
			buildActionMask = 2147483647;
			files = (
			);
			inputFileListPaths = (
				"${PODS_ROOT}/Target Support Files/Pods-CareKit Sample/Pods-CareKit Sample-frameworks-${CONFIGURATION}-input-files.xcfilelist",
			);
			name = "[CP] Embed Pods Frameworks";
			outputFileListPaths = (
				"${PODS_ROOT}/Target Support Files/Pods-CareKit Sample/Pods-CareKit Sample-frameworks-${CONFIGURATION}-output-files.xcfilelist",
			);
			runOnlyForDeploymentPostprocessing = 0;
			shellPath = /bin/sh;
			shellScript = "\"${PODS_ROOT}/Target Support Files/Pods-CareKit Sample/Pods-CareKit Sample-frameworks.sh\"\n";
			showEnvVarsInLog = 0;
		};
/* End PBXShellScriptBuildPhase section */

/* Begin PBXSourcesBuildPhase section */
		8EE530B525D8E31100E92C82 /* Sources */ = {
			isa = PBXSourcesBuildPhase;
			buildActionMask = 2147483647;
			files = (
				8E7FFF9825DA4638002982B4 /* ScheduleViewControllerRepresentable.swift in Sources */,
				F65E663A25E39B910009CBB4 /* LaunchUIView.swift in Sources */,
				8E7FFF8D25DA26D7002982B4 /* CKSendHelper.swift in Sources */,
				8E7FFF8625DA24D0002982B4 /* CKCareKitManager+Sample.swift in Sources */,
				F659CF2C25E4A2CB0063E480 /* acne_classification.mlmodel in Sources */,
				F65E665325E3A1330009CBB4 /* Metrics.swift in Sources */,
				F65E665725E3A3530009CBB4 /* PasswordlessLoginStep.swift in Sources */,
				F65E665E25E3A82A0009CBB4 /* OnboardingViewCoordinator.swift in Sources */,
				F65E664825E39EC60009CBB4 /* Config.swift in Sources */,
				F65E664425E39CD30009CBB4 /* OnboardingSurveyViewController.swift in Sources */,
				8E7FFF7E25DA2476002982B4 /* CKCareKitRemoteSyncWithFirestore.swift in Sources */,
				8E7FFF9925DA4638002982B4 /* TipView.swift in Sources */,
				8E7FFF9725DA4638002982B4 /* ScheduleViewController.swift in Sources */,
				8E7FFFA625DA4D95002982B4 /* CKTaskViewController.swift in Sources */,
				8E7FFFAF25DA56E2002982B4 /* CKUploadToGCPTaskViewControllerDelegate.swift in Sources */,
				8E7FFF9A25DA4638002982B4 /* SurveyItemViewController.swift in Sources */,
				F65E669D25E3B39A0009CBB4 /* PageViewController.swift in Sources */,
				F65E663D25E39C2F0009CBB4 /* OnboardingUIView.swift in Sources */,
				F6836C0125EDC35E00E329B6 /* AcneScoreUIView.swift in Sources */,
				8E7FFF8925DA267E002982B4 /* CKStudyUser.swift in Sources */,
				8E7FFF8225DA24AA002982B4 /* CKCareKitManager.swift in Sources */,
				F65E664E25E39FF20009CBB4 /* Constants.swift in Sources */,
				8E7FFF9D25DA4656002982B4 /* CareTeamViewControllerRepresentable.swift in Sources */,
				8EE530BF25D8E31100E92C82 /* ContentView.swift in Sources */,
				F6836BFE25EDBA2800E329B6 /* SkinAIViewController.swift in Sources */,
				8EE530BD25D8E31100E92C82 /* CareKit_SampleApp.swift in Sources */,
				8E7FFFAC25DA4E05002982B4 /* ORKESerialization.m in Sources */,
			);
			runOnlyForDeploymentPostprocessing = 0;
		};
/* End PBXSourcesBuildPhase section */

/* Begin XCBuildConfiguration section */
		8EE530C625D8E31200E92C82 /* Debug */ = {
			isa = XCBuildConfiguration;
			buildSettings = {
				ALWAYS_SEARCH_USER_PATHS = NO;
				CLANG_ANALYZER_NONNULL = YES;
				CLANG_ANALYZER_NUMBER_OBJECT_CONVERSION = YES_AGGRESSIVE;
				CLANG_CXX_LANGUAGE_STANDARD = "gnu++14";
				CLANG_CXX_LIBRARY = "libc++";
				CLANG_ENABLE_MODULES = YES;
				CLANG_ENABLE_OBJC_ARC = YES;
				CLANG_ENABLE_OBJC_WEAK = YES;
				CLANG_WARN_BLOCK_CAPTURE_AUTORELEASING = YES;
				CLANG_WARN_BOOL_CONVERSION = YES;
				CLANG_WARN_COMMA = YES;
				CLANG_WARN_CONSTANT_CONVERSION = YES;
				CLANG_WARN_DEPRECATED_OBJC_IMPLEMENTATIONS = YES;
				CLANG_WARN_DIRECT_OBJC_ISA_USAGE = YES_ERROR;
				CLANG_WARN_DOCUMENTATION_COMMENTS = YES;
				CLANG_WARN_EMPTY_BODY = YES;
				CLANG_WARN_ENUM_CONVERSION = YES;
				CLANG_WARN_INFINITE_RECURSION = YES;
				CLANG_WARN_INT_CONVERSION = YES;
				CLANG_WARN_NON_LITERAL_NULL_CONVERSION = YES;
				CLANG_WARN_OBJC_IMPLICIT_RETAIN_SELF = YES;
				CLANG_WARN_OBJC_LITERAL_CONVERSION = YES;
				CLANG_WARN_OBJC_ROOT_CLASS = YES_ERROR;
				CLANG_WARN_QUOTED_INCLUDE_IN_FRAMEWORK_HEADER = YES;
				CLANG_WARN_RANGE_LOOP_ANALYSIS = YES;
				CLANG_WARN_STRICT_PROTOTYPES = YES;
				CLANG_WARN_SUSPICIOUS_MOVE = YES;
				CLANG_WARN_UNGUARDED_AVAILABILITY = YES_AGGRESSIVE;
				CLANG_WARN_UNREACHABLE_CODE = YES;
				CLANG_WARN__DUPLICATE_METHOD_MATCH = YES;
				COPY_PHASE_STRIP = NO;
				DEBUG_INFORMATION_FORMAT = dwarf;
				ENABLE_STRICT_OBJC_MSGSEND = YES;
				ENABLE_TESTABILITY = YES;
				GCC_C_LANGUAGE_STANDARD = gnu11;
				GCC_DYNAMIC_NO_PIC = NO;
				GCC_NO_COMMON_BLOCKS = YES;
				GCC_OPTIMIZATION_LEVEL = 0;
				GCC_PREPROCESSOR_DEFINITIONS = (
					"DEBUG=1",
					"$(inherited)",
				);
				GCC_WARN_64_TO_32_BIT_CONVERSION = YES;
				GCC_WARN_ABOUT_RETURN_TYPE = YES_ERROR;
				GCC_WARN_UNDECLARED_SELECTOR = YES;
				GCC_WARN_UNINITIALIZED_AUTOS = YES_AGGRESSIVE;
				GCC_WARN_UNUSED_FUNCTION = YES;
				GCC_WARN_UNUSED_VARIABLE = YES;
				IPHONEOS_DEPLOYMENT_TARGET = 14.4;
				MTL_ENABLE_DEBUG_INFO = INCLUDE_SOURCE;
				MTL_FAST_MATH = YES;
				ONLY_ACTIVE_ARCH = YES;
				SDKROOT = iphoneos;
				SWIFT_ACTIVE_COMPILATION_CONDITIONS = DEBUG;
				SWIFT_OPTIMIZATION_LEVEL = "-Onone";
			};
			name = Debug;
		};
		8EE530C725D8E31200E92C82 /* Release */ = {
			isa = XCBuildConfiguration;
			buildSettings = {
				ALWAYS_SEARCH_USER_PATHS = NO;
				CLANG_ANALYZER_NONNULL = YES;
				CLANG_ANALYZER_NUMBER_OBJECT_CONVERSION = YES_AGGRESSIVE;
				CLANG_CXX_LANGUAGE_STANDARD = "gnu++14";
				CLANG_CXX_LIBRARY = "libc++";
				CLANG_ENABLE_MODULES = YES;
				CLANG_ENABLE_OBJC_ARC = YES;
				CLANG_ENABLE_OBJC_WEAK = YES;
				CLANG_WARN_BLOCK_CAPTURE_AUTORELEASING = YES;
				CLANG_WARN_BOOL_CONVERSION = YES;
				CLANG_WARN_COMMA = YES;
				CLANG_WARN_CONSTANT_CONVERSION = YES;
				CLANG_WARN_DEPRECATED_OBJC_IMPLEMENTATIONS = YES;
				CLANG_WARN_DIRECT_OBJC_ISA_USAGE = YES_ERROR;
				CLANG_WARN_DOCUMENTATION_COMMENTS = YES;
				CLANG_WARN_EMPTY_BODY = YES;
				CLANG_WARN_ENUM_CONVERSION = YES;
				CLANG_WARN_INFINITE_RECURSION = YES;
				CLANG_WARN_INT_CONVERSION = YES;
				CLANG_WARN_NON_LITERAL_NULL_CONVERSION = YES;
				CLANG_WARN_OBJC_IMPLICIT_RETAIN_SELF = YES;
				CLANG_WARN_OBJC_LITERAL_CONVERSION = YES;
				CLANG_WARN_OBJC_ROOT_CLASS = YES_ERROR;
				CLANG_WARN_QUOTED_INCLUDE_IN_FRAMEWORK_HEADER = YES;
				CLANG_WARN_RANGE_LOOP_ANALYSIS = YES;
				CLANG_WARN_STRICT_PROTOTYPES = YES;
				CLANG_WARN_SUSPICIOUS_MOVE = YES;
				CLANG_WARN_UNGUARDED_AVAILABILITY = YES_AGGRESSIVE;
				CLANG_WARN_UNREACHABLE_CODE = YES;
				CLANG_WARN__DUPLICATE_METHOD_MATCH = YES;
				COPY_PHASE_STRIP = NO;
				DEBUG_INFORMATION_FORMAT = "dwarf-with-dsym";
				ENABLE_NS_ASSERTIONS = NO;
				ENABLE_STRICT_OBJC_MSGSEND = YES;
				GCC_C_LANGUAGE_STANDARD = gnu11;
				GCC_NO_COMMON_BLOCKS = YES;
				GCC_WARN_64_TO_32_BIT_CONVERSION = YES;
				GCC_WARN_ABOUT_RETURN_TYPE = YES_ERROR;
				GCC_WARN_UNDECLARED_SELECTOR = YES;
				GCC_WARN_UNINITIALIZED_AUTOS = YES_AGGRESSIVE;
				GCC_WARN_UNUSED_FUNCTION = YES;
				GCC_WARN_UNUSED_VARIABLE = YES;
				IPHONEOS_DEPLOYMENT_TARGET = 14.4;
				MTL_ENABLE_DEBUG_INFO = NO;
				MTL_FAST_MATH = YES;
				SDKROOT = iphoneos;
				SWIFT_COMPILATION_MODE = wholemodule;
				SWIFT_OPTIMIZATION_LEVEL = "-O";
				VALIDATE_PRODUCT = YES;
			};
			name = Release;
		};
		8EE530C925D8E31200E92C82 /* Debug */ = {
			isa = XCBuildConfiguration;
			baseConfigurationReference = 78353591FD67768226A50BB0 /* Pods-CareKit Sample.debug.xcconfig */;
			buildSettings = {
				ASSETCATALOG_COMPILER_APPICON_NAME = AppIcon;
				ASSETCATALOG_COMPILER_GLOBAL_ACCENT_COLOR_NAME = AccentColor;
				CLANG_ENABLE_MODULES = YES;
				CODE_SIGN_STYLE = Automatic;
				DEVELOPMENT_ASSET_PATHS = "\"CareKit Sample/Supporting Files/Preview Content\"";
				DEVELOPMENT_TEAM = 8QL2EG96Y4;
				ENABLE_PREVIEWS = YES;
				INFOPLIST_FILE = "CareKit Sample/Supporting Files/Info.plist";
				IPHONEOS_DEPLOYMENT_TARGET = 14.0;
				LD_RUNPATH_SEARCH_PATHS = (
					"$(inherited)",
					"@executable_path/Frameworks",
				);
				PRODUCT_BUNDLE_IDENTIFIER = edu.stanford.cs342.carekit.skinai;
				PRODUCT_NAME = "$(TARGET_NAME)";
				SWIFT_OBJC_BRIDGING_HEADER = "CareKit Sample/Supporting Files/ResearchKit/CareKit Sample-Bridging-Header.h";
				SWIFT_OPTIMIZATION_LEVEL = "-Onone";
				SWIFT_VERSION = 5.0;
				TARGETED_DEVICE_FAMILY = "1,2";
			};
			name = Debug;
		};
		8EE530CA25D8E31200E92C82 /* Release */ = {
			isa = XCBuildConfiguration;
			baseConfigurationReference = C080DF17E15BF8B76B35F00B /* Pods-CareKit Sample.release.xcconfig */;
			buildSettings = {
				ASSETCATALOG_COMPILER_APPICON_NAME = AppIcon;
				ASSETCATALOG_COMPILER_GLOBAL_ACCENT_COLOR_NAME = AccentColor;
				CLANG_ENABLE_MODULES = YES;
				CODE_SIGN_STYLE = Automatic;
				DEVELOPMENT_ASSET_PATHS = "\"CareKit Sample/Supporting Files/Preview Content\"";
				DEVELOPMENT_TEAM = 8QL2EG96Y4;
				ENABLE_PREVIEWS = YES;
				INFOPLIST_FILE = "CareKit Sample/Supporting Files/Info.plist";
				IPHONEOS_DEPLOYMENT_TARGET = 14.0;
				LD_RUNPATH_SEARCH_PATHS = (
					"$(inherited)",
					"@executable_path/Frameworks",
				);
				PRODUCT_BUNDLE_IDENTIFIER = edu.stanford.cs342.carekit.skinai;
				PRODUCT_NAME = "$(TARGET_NAME)";
				SWIFT_OBJC_BRIDGING_HEADER = "CareKit Sample/Supporting Files/ResearchKit/CareKit Sample-Bridging-Header.h";
				SWIFT_VERSION = 5.0;
				TARGETED_DEVICE_FAMILY = "1,2";
			};
			name = Release;
		};
/* End XCBuildConfiguration section */

/* Begin XCConfigurationList section */
		8EE530B425D8E31100E92C82 /* Build configuration list for PBXProject "CareKit Sample" */ = {
			isa = XCConfigurationList;
			buildConfigurations = (
				8EE530C625D8E31200E92C82 /* Debug */,
				8EE530C725D8E31200E92C82 /* Release */,
			);
			defaultConfigurationIsVisible = 0;
			defaultConfigurationName = Release;
		};
		8EE530C825D8E31200E92C82 /* Build configuration list for PBXNativeTarget "CareKit Sample" */ = {
			isa = XCConfigurationList;
			buildConfigurations = (
				8EE530C925D8E31200E92C82 /* Debug */,
				8EE530CA25D8E31200E92C82 /* Release */,
			);
			defaultConfigurationIsVisible = 0;
			defaultConfigurationName = Release;
		};
/* End XCConfigurationList section */

/* Begin XCRemoteSwiftPackageReference section */
		8EE530CC25D8E41200E92C82 /* XCRemoteSwiftPackageReference "CareKit" */ = {
			isa = XCRemoteSwiftPackageReference;
			repositoryURL = "https://github.com/carekit-apple/CareKit";
			requirement = {
				branch = main;
				kind = branch;
			};
		};
/* End XCRemoteSwiftPackageReference section */

/* Begin XCSwiftPackageProductDependency section */
		8EE530CD25D8E41200E92C82 /* CareKitStore */ = {
			isa = XCSwiftPackageProductDependency;
			package = 8EE530CC25D8E41200E92C82 /* XCRemoteSwiftPackageReference "CareKit" */;
			productName = CareKitStore;
		};
		8EE530CF25D8E41200E92C82 /* CareKit */ = {
			isa = XCSwiftPackageProductDependency;
			package = 8EE530CC25D8E41200E92C82 /* XCRemoteSwiftPackageReference "CareKit" */;
			productName = CareKit;
		};
		8EE530D125D8E41200E92C82 /* CareKitFHIR */ = {
			isa = XCSwiftPackageProductDependency;
			package = 8EE530CC25D8E41200E92C82 /* XCRemoteSwiftPackageReference "CareKit" */;
			productName = CareKitFHIR;
		};
		8EE530D325D8E41200E92C82 /* CareKitUI */ = {
			isa = XCSwiftPackageProductDependency;
			package = 8EE530CC25D8E41200E92C82 /* XCRemoteSwiftPackageReference "CareKit" */;
			productName = CareKitUI;
		};
/* End XCSwiftPackageProductDependency section */
	};
	rootObject = 8EE530B125D8E31100E92C82 /* Project object */;
}
